// !$*UTF8*$!
{
	archiveVersion = 1;
	classes = {
	};
	objectVersion = 46;
	objects = {

/* Begin PBXBuildFile section */
		D50C724E192909A0001D3B15 /* TLPasswordGeneratorController.m in Sources */ = {isa = PBXBuildFile; fileRef = D50C724D192909A0001D3B15 /* TLPasswordGeneratorController.m */; };
		D50C7251192957D3001D3B15 /* TLPasswordGeneratorWindow.xib in Resources */ = {isa = PBXBuildFile; fileRef = D50C7250192957D3001D3B15 /* TLPasswordGeneratorWindow.xib */; };
		D5466E68192159B30031E7D9 /* Cocoa.framework in Frameworks */ = {isa = PBXBuildFile; fileRef = D5466E67192159B30031E7D9 /* Cocoa.framework */; };
		D5466E72192159B30031E7D9 /* InfoPlist.strings in Resources */ = {isa = PBXBuildFile; fileRef = D5466E70192159B30031E7D9 /* InfoPlist.strings */; };
		D5466E74192159B30031E7D9 /* main.m in Sources */ = {isa = PBXBuildFile; fileRef = D5466E73192159B30031E7D9 /* main.m */; };
		D5466E78192159B30031E7D9 /* Credits.rtf in Resources */ = {isa = PBXBuildFile; fileRef = D5466E76192159B30031E7D9 /* Credits.rtf */; };
		D5466E7B192159B30031E7D9 /* TLAppDelegate.m in Sources */ = {isa = PBXBuildFile; fileRef = D5466E7A192159B30031E7D9 /* TLAppDelegate.m */; };
		D5466E7E192159B30031E7D9 /* MainMenu.xib in Resources */ = {isa = PBXBuildFile; fileRef = D5466E7C192159B30031E7D9 /* MainMenu.xib */; };
		D5466E80192159B30031E7D9 /* Images.xcassets in Resources */ = {isa = PBXBuildFile; fileRef = D5466E7F192159B30031E7D9 /* Images.xcassets */; };
		D5466E87192159B30031E7D9 /* XCTest.framework in Frameworks */ = {isa = PBXBuildFile; fileRef = D5466E86192159B30031E7D9 /* XCTest.framework */; };
		D5466E88192159B30031E7D9 /* Cocoa.framework in Frameworks */ = {isa = PBXBuildFile; fileRef = D5466E67192159B30031E7D9 /* Cocoa.framework */; };
		D5466E90192159B30031E7D9 /* InfoPlist.strings in Resources */ = {isa = PBXBuildFile; fileRef = D5466E8E192159B30031E7D9 /* InfoPlist.strings */; };
		D5466E92192159B40031E7D9 /* DulgtTests.m in Sources */ = {isa = PBXBuildFile; fileRef = D5466E91192159B40031E7D9 /* DulgtTests.m */; };
		D5466E9D19215A6C0031E7D9 /* TLPasswordGenerator.m in Sources */ = {isa = PBXBuildFile; fileRef = D5466E9C19215A6C0031E7D9 /* TLPasswordGenerator.m */; };
		D5466EA519216E500031E7D9 /* libscrypt.a in Frameworks */ = {isa = PBXBuildFile; fileRef = D5466EA219216E500031E7D9 /* libscrypt.a */; };
		D5466EA71922A9780031E7D9 /* TLPasswordGeneratorTests.m in Sources */ = {isa = PBXBuildFile; fileRef = D5466EA61922A9780031E7D9 /* TLPasswordGeneratorTests.m */; };
		D57994B21936669900D14AB8 /* ArchivedLogins.png in Resources */ = {isa = PBXBuildFile; fileRef = D57994B11936669900D14AB8 /* ArchivedLogins.png */; };
		D57994B41936677B00D14AB8 /* LockSafe.png in Resources */ = {isa = PBXBuildFile; fileRef = D57994B31936677B00D14AB8 /* LockSafe.png */; };
		D5B9A72F192BE5BA003F73D4 /* KSPasswordField.m in Sources */ = {isa = PBXBuildFile; fileRef = D5B9A72E192BE5BA003F73D4 /* KSPasswordField.m */; };
		D5B9A731192CA442003F73D4 /* poison.icns in Resources */ = {isa = PBXBuildFile; fileRef = D5B9A730192CA442003F73D4 /* poison.icns */; };
		D5B9A733192D06FA003F73D4 /* SecretFormula.help in Resources */ = {isa = PBXBuildFile; fileRef = D5B9A732192D06FA003F73D4 /* SecretFormula.help */; };
		D5B9A735192D07EF003F73D4 /* Info.plist in Resources */ = {isa = PBXBuildFile; fileRef = D5B9A734192D07EF003F73D4 /* Info.plist */; };
		D5C32ED1192E87BB006A38CA /* TLPreferenceController.m in Sources */ = {isa = PBXBuildFile; fileRef = D5C32ECF192E87BB006A38CA /* TLPreferenceController.m */; };
		D5C32ED2192E87BB006A38CA /* TLPreferenceController.xib in Resources */ = {isa = PBXBuildFile; fileRef = D5C32ED0192E87BB006A38CA /* TLPreferenceController.xib */; };
/* End PBXBuildFile section */

/* Begin PBXContainerItemProxy section */
		D5466E89192159B30031E7D9 /* PBXContainerItemProxy */ = {
			isa = PBXContainerItemProxy;
			containerPortal = D5466E5C192159B30031E7D9 /* Project object */;
			proxyType = 1;
			remoteGlobalIDString = D5466E63192159B30031E7D9;
			remoteInfo = Dulgt;
		};
/* End PBXContainerItemProxy section */

/* Begin PBXFileReference section */
		D50C724C192909A0001D3B15 /* TLPasswordGeneratorController.h */ = {isa = PBXFileReference; fileEncoding = 4; lastKnownFileType = sourcecode.c.h; name = TLPasswordGeneratorController.h; path = Controller/TLPasswordGeneratorController.h; sourceTree = "<group>"; };
		D50C724D192909A0001D3B15 /* TLPasswordGeneratorController.m */ = {isa = PBXFileReference; fileEncoding = 4; lastKnownFileType = sourcecode.c.objc; name = TLPasswordGeneratorController.m; path = Controller/TLPasswordGeneratorController.m; sourceTree = "<group>"; };
		D50C7250192957D3001D3B15 /* TLPasswordGeneratorWindow.xib */ = {isa = PBXFileReference; fileEncoding = 4; lastKnownFileType = file.xib; path = TLPasswordGeneratorWindow.xib; sourceTree = "<group>"; };
		D5466E64192159B30031E7D9 /* Secret Formula.app */ = {isa = PBXFileReference; explicitFileType = wrapper.application; includeInIndex = 0; path = "Secret Formula.app"; sourceTree = BUILT_PRODUCTS_DIR; };
		D5466E67192159B30031E7D9 /* Cocoa.framework */ = {isa = PBXFileReference; lastKnownFileType = wrapper.framework; name = Cocoa.framework; path = System/Library/Frameworks/Cocoa.framework; sourceTree = SDKROOT; };
		D5466E6A192159B30031E7D9 /* AppKit.framework */ = {isa = PBXFileReference; lastKnownFileType = wrapper.framework; name = AppKit.framework; path = System/Library/Frameworks/AppKit.framework; sourceTree = SDKROOT; };
		D5466E6B192159B30031E7D9 /* CoreData.framework */ = {isa = PBXFileReference; lastKnownFileType = wrapper.framework; name = CoreData.framework; path = System/Library/Frameworks/CoreData.framework; sourceTree = SDKROOT; };
		D5466E6C192159B30031E7D9 /* Foundation.framework */ = {isa = PBXFileReference; lastKnownFileType = wrapper.framework; name = Foundation.framework; path = System/Library/Frameworks/Foundation.framework; sourceTree = SDKROOT; };
		D5466E6F192159B30031E7D9 /* Secret Formula-Info.plist */ = {isa = PBXFileReference; lastKnownFileType = text.plist.xml; path = "Secret Formula-Info.plist"; sourceTree = "<group>"; };
		D5466E71192159B30031E7D9 /* en */ = {isa = PBXFileReference; lastKnownFileType = text.plist.strings; name = en; path = en.lproj/InfoPlist.strings; sourceTree = "<group>"; };
		D5466E73192159B30031E7D9 /* main.m */ = {isa = PBXFileReference; lastKnownFileType = sourcecode.c.objc; path = main.m; sourceTree = "<group>"; };
		D5466E75192159B30031E7D9 /* Secret Formula-Prefix.pch */ = {isa = PBXFileReference; lastKnownFileType = sourcecode.c.h; path = "Secret Formula-Prefix.pch"; sourceTree = "<group>"; };
		D5466E77192159B30031E7D9 /* en */ = {isa = PBXFileReference; lastKnownFileType = text.rtf; name = en; path = en.lproj/Credits.rtf; sourceTree = "<group>"; };
		D5466E79192159B30031E7D9 /* TLAppDelegate.h */ = {isa = PBXFileReference; lastKnownFileType = sourcecode.c.h; path = TLAppDelegate.h; sourceTree = "<group>"; };
		D5466E7A192159B30031E7D9 /* TLAppDelegate.m */ = {isa = PBXFileReference; lastKnownFileType = sourcecode.c.objc; path = TLAppDelegate.m; sourceTree = "<group>"; };
		D5466E7D192159B30031E7D9 /* Base */ = {isa = PBXFileReference; lastKnownFileType = file.xib; name = Base; path = Base.lproj/MainMenu.xib; sourceTree = "<group>"; };
		D5466E7F192159B30031E7D9 /* Images.xcassets */ = {isa = PBXFileReference; lastKnownFileType = folder.assetcatalog; path = Images.xcassets; sourceTree = "<group>"; };
		D5466E85192159B30031E7D9 /* Secret FormulaTests.xctest */ = {isa = PBXFileReference; explicitFileType = wrapper.cfbundle; includeInIndex = 0; path = "Secret FormulaTests.xctest"; sourceTree = BUILT_PRODUCTS_DIR; };
		D5466E86192159B30031E7D9 /* XCTest.framework */ = {isa = PBXFileReference; lastKnownFileType = wrapper.framework; name = XCTest.framework; path = Library/Frameworks/XCTest.framework; sourceTree = DEVELOPER_DIR; };
		D5466E8D192159B30031E7D9 /* Secret FormulaTests-Info.plist */ = {isa = PBXFileReference; lastKnownFileType = text.plist.xml; path = "Secret FormulaTests-Info.plist"; sourceTree = "<group>"; };
		D5466E8F192159B30031E7D9 /* en */ = {isa = PBXFileReference; lastKnownFileType = text.plist.strings; name = en; path = en.lproj/InfoPlist.strings; sourceTree = "<group>"; };
		D5466E91192159B40031E7D9 /* DulgtTests.m */ = {isa = PBXFileReference; lastKnownFileType = sourcecode.c.objc; path = DulgtTests.m; sourceTree = "<group>"; };
		D5466E9B19215A6C0031E7D9 /* TLPasswordGenerator.h */ = {isa = PBXFileReference; fileEncoding = 4; lastKnownFileType = sourcecode.c.h; name = TLPasswordGenerator.h; path = Model/TLPasswordGenerator.h; sourceTree = "<group>"; };
		D5466E9C19215A6C0031E7D9 /* TLPasswordGenerator.m */ = {isa = PBXFileReference; fileEncoding = 4; lastKnownFileType = sourcecode.c.objc; name = TLPasswordGenerator.m; path = Model/TLPasswordGenerator.m; sourceTree = "<group>"; };
		D5466EA219216E500031E7D9 /* libscrypt.a */ = {isa = PBXFileReference; lastKnownFileType = archive.ar; name = libscrypt.a; path = Libs/libscrypt.a; sourceTree = "<group>"; };
		D5466EA319216E500031E7D9 /* libscrypt.h */ = {isa = PBXFileReference; fileEncoding = 4; lastKnownFileType = sourcecode.c.h; name = libscrypt.h; path = Libs/libscrypt.h; sourceTree = "<group>"; };
		D5466EA61922A9780031E7D9 /* TLPasswordGeneratorTests.m */ = {isa = PBXFileReference; fileEncoding = 4; lastKnownFileType = sourcecode.c.objc; path = TLPasswordGeneratorTests.m; sourceTree = "<group>"; };
		D57994B11936669900D14AB8 /* ArchivedLogins.png */ = {isa = PBXFileReference; lastKnownFileType = image.png; path = ArchivedLogins.png; sourceTree = "<group>"; };
		D57994B31936677B00D14AB8 /* LockSafe.png */ = {isa = PBXFileReference; lastKnownFileType = image.png; path = LockSafe.png; sourceTree = "<group>"; };
		D5B9A72D192BE5BA003F73D4 /* KSPasswordField.h */ = {isa = PBXFileReference; fileEncoding = 4; lastKnownFileType = sourcecode.c.h; name = KSPasswordField.h; path = Libs/KSPasswordField.h; sourceTree = "<group>"; };
		D5B9A72E192BE5BA003F73D4 /* KSPasswordField.m */ = {isa = PBXFileReference; fileEncoding = 4; lastKnownFileType = sourcecode.c.objc; name = KSPasswordField.m; path = Libs/KSPasswordField.m; sourceTree = "<group>"; };
		D5B9A730192CA442003F73D4 /* poison.icns */ = {isa = PBXFileReference; lastKnownFileType = image.icns; path = poison.icns; sourceTree = "<group>"; };
		D5B9A732192D06FA003F73D4 /* SecretFormula.help */ = {isa = PBXFileReference; lastKnownFileType = folder; name = SecretFormula.help; path = Dulgt/SecretFormula.help; sourceTree = "<group>"; };
		D5B9A734192D07EF003F73D4 /* Info.plist */ = {isa = PBXFileReference; fileEncoding = 4; lastKnownFileType = text.plist.xml; name = Info.plist; path = Dulgt/SecretFormula.help/Contents/Info.plist; sourceTree = "<group>"; };
		D5C32ECE192E87BB006A38CA /* TLPreferenceController.h */ = {isa = PBXFileReference; fileEncoding = 4; lastKnownFileType = sourcecode.c.h; name = TLPreferenceController.h; path = Controller/TLPreferenceController.h; sourceTree = "<group>"; };
		D5C32ECF192E87BB006A38CA /* TLPreferenceController.m */ = {isa = PBXFileReference; fileEncoding = 4; lastKnownFileType = sourcecode.c.objc; name = TLPreferenceController.m; path = Controller/TLPreferenceController.m; sourceTree = "<group>"; };
		D5C32ED0192E87BB006A38CA /* TLPreferenceController.xib */ = {isa = PBXFileReference; fileEncoding = 4; lastKnownFileType = file.xib; name = TLPreferenceController.xib; path = Controller/TLPreferenceController.xib; sourceTree = "<group>"; };
/* End PBXFileReference section */

/* Begin PBXFrameworksBuildPhase section */
		D5466E61192159B30031E7D9 /* Frameworks */ = {
			isa = PBXFrameworksBuildPhase;
			buildActionMask = 2147483647;
			files = (
				D5466EA519216E500031E7D9 /* libscrypt.a in Frameworks */,
				D5466E68192159B30031E7D9 /* Cocoa.framework in Frameworks */,
			);
			runOnlyForDeploymentPostprocessing = 0;
		};
		D5466E82192159B30031E7D9 /* Frameworks */ = {
			isa = PBXFrameworksBuildPhase;
			buildActionMask = 2147483647;
			files = (
				D5466E88192159B30031E7D9 /* Cocoa.framework in Frameworks */,
				D5466E87192159B30031E7D9 /* XCTest.framework in Frameworks */,
			);
			runOnlyForDeploymentPostprocessing = 0;
		};
/* End PBXFrameworksBuildPhase section */

/* Begin PBXGroup section */
		D50C724F192909DB001D3B15 /* Controller */ = {
			isa = PBXGroup;
			children = (
				D50C724C192909A0001D3B15 /* TLPasswordGeneratorController.h */,
				D50C724D192909A0001D3B15 /* TLPasswordGeneratorController.m */,
				D5C32ECE192E87BB006A38CA /* TLPreferenceController.h */,
				D5C32ECF192E87BB006A38CA /* TLPreferenceController.m */,
				D5C32ED0192E87BB006A38CA /* TLPreferenceController.xib */,
			);
			name = Controller;
			sourceTree = "<group>";
		};
		D5466E5B192159B30031E7D9 = {
			isa = PBXGroup;
			children = (
				D5B9A732192D06FA003F73D4 /* SecretFormula.help */,
				D5B9A734192D07EF003F73D4 /* Info.plist */,
				D57994B11936669900D14AB8 /* ArchivedLogins.png */,
				D57994B31936677B00D14AB8 /* LockSafe.png */,
				D5B9A730192CA442003F73D4 /* poison.icns */,
				D5466E6D192159B30031E7D9 /* Dulgt */,
				D5466E8B192159B30031E7D9 /* DulgtTests */,
				D5466E66192159B30031E7D9 /* Frameworks */,
				D5466E65192159B30031E7D9 /* Products */,
			);
			sourceTree = "<group>";
		};
		D5466E65192159B30031E7D9 /* Products */ = {
			isa = PBXGroup;
			children = (
				D5466E64192159B30031E7D9 /* Secret Formula.app */,
				D5466E85192159B30031E7D9 /* Secret FormulaTests.xctest */,
			);
			name = Products;
			sourceTree = "<group>";
		};
		D5466E66192159B30031E7D9 /* Frameworks */ = {
			isa = PBXGroup;
			children = (
				D5466E67192159B30031E7D9 /* Cocoa.framework */,
				D5466E86192159B30031E7D9 /* XCTest.framework */,
				D5466E69192159B30031E7D9 /* Other Frameworks */,
			);
			name = Frameworks;
			sourceTree = "<group>";
		};
		D5466E69192159B30031E7D9 /* Other Frameworks */ = {
			isa = PBXGroup;
			children = (
				D5466E6A192159B30031E7D9 /* AppKit.framework */,
				D5466E6B192159B30031E7D9 /* CoreData.framework */,
				D5466E6C192159B30031E7D9 /* Foundation.framework */,
			);
			name = "Other Frameworks";
			sourceTree = "<group>";
		};
		D5466E6D192159B30031E7D9 /* Dulgt */ = {
			isa = PBXGroup;
			children = (
				D5466E7C192159B30031E7D9 /* MainMenu.xib */,
				D50C7250192957D3001D3B15 /* TLPasswordGeneratorWindow.xib */,
				D5466E9F19216DC40031E7D9 /* Libs */,
				D50C724F192909DB001D3B15 /* Controller */,
				D5466E9E19216DAF0031E7D9 /* Model */,
				D5466E79192159B30031E7D9 /* TLAppDelegate.h */,
				D5466E7A192159B30031E7D9 /* TLAppDelegate.m */,
				D5466E7F192159B30031E7D9 /* Images.xcassets */,
				D5466E6E192159B30031E7D9 /* Supporting Files */,
			);
			path = Dulgt;
			sourceTree = "<group>";
		};
		D5466E6E192159B30031E7D9 /* Supporting Files */ = {
			isa = PBXGroup;
			children = (
				D5466E6F192159B30031E7D9 /* Secret Formula-Info.plist */,
				D5466E70192159B30031E7D9 /* InfoPlist.strings */,
				D5466E73192159B30031E7D9 /* main.m */,
				D5466E75192159B30031E7D9 /* Secret Formula-Prefix.pch */,
				D5466E76192159B30031E7D9 /* Credits.rtf */,
			);
			name = "Supporting Files";
			sourceTree = "<group>";
		};
		D5466E8B192159B30031E7D9 /* DulgtTests */ = {
			isa = PBXGroup;
			children = (
				D5466E91192159B40031E7D9 /* DulgtTests.m */,
				D5466E8C192159B30031E7D9 /* Supporting Files */,
				D5466EA61922A9780031E7D9 /* TLPasswordGeneratorTests.m */,
			);
			path = DulgtTests;
			sourceTree = "<group>";
		};
		D5466E8C192159B30031E7D9 /* Supporting Files */ = {
			isa = PBXGroup;
			children = (
				D5466E8D192159B30031E7D9 /* Secret FormulaTests-Info.plist */,
				D5466E8E192159B30031E7D9 /* InfoPlist.strings */,
			);
			name = "Supporting Files";
			sourceTree = "<group>";
		};
		D5466E9E19216DAF0031E7D9 /* Model */ = {
			isa = PBXGroup;
			children = (
				D5466E9B19215A6C0031E7D9 /* TLPasswordGenerator.h */,
				D5466E9C19215A6C0031E7D9 /* TLPasswordGenerator.m */,
			);
			name = Model;
			sourceTree = "<group>";
		};
		D5466E9F19216DC40031E7D9 /* Libs */ = {
			isa = PBXGroup;
			children = (
				D5B9A72D192BE5BA003F73D4 /* KSPasswordField.h */,
				D5B9A72E192BE5BA003F73D4 /* KSPasswordField.m */,
				D5466EA219216E500031E7D9 /* libscrypt.a */,
				D5466EA319216E500031E7D9 /* libscrypt.h */,
			);
			name = Libs;
			sourceTree = "<group>";
		};
/* End PBXGroup section */

/* Begin PBXNativeTarget section */
		D5466E63192159B30031E7D9 /* Secret Formula */ = {
			isa = PBXNativeTarget;
			buildConfigurationList = D5466E95192159B40031E7D9 /* Build configuration list for PBXNativeTarget "Secret Formula" */;
			buildPhases = (
				D5466E60192159B30031E7D9 /* Sources */,
				D5466E61192159B30031E7D9 /* Frameworks */,
				D5466E62192159B30031E7D9 /* Resources */,
			);
			buildRules = (
			);
			dependencies = (
			);
			name = "Secret Formula";
			productName = Dulgt;
			productReference = D5466E64192159B30031E7D9 /* Secret Formula.app */;
			productType = "com.apple.product-type.application";
		};
		D5466E84192159B30031E7D9 /* Secret FormulaTests */ = {
			isa = PBXNativeTarget;
			buildConfigurationList = D5466E98192159B40031E7D9 /* Build configuration list for PBXNativeTarget "Secret FormulaTests" */;
			buildPhases = (
				D5466E81192159B30031E7D9 /* Sources */,
				D5466E82192159B30031E7D9 /* Frameworks */,
				D5466E83192159B30031E7D9 /* Resources */,
			);
			buildRules = (
			);
			dependencies = (
				D5466E8A192159B30031E7D9 /* PBXTargetDependency */,
			);
			name = "Secret FormulaTests";
			productName = DulgtTests;
			productReference = D5466E85192159B30031E7D9 /* Secret FormulaTests.xctest */;
			productType = "com.apple.product-type.bundle.unit-test";
		};
/* End PBXNativeTarget section */

/* Begin PBXProject section */
		D5466E5C192159B30031E7D9 /* Project object */ = {
			isa = PBXProject;
			attributes = {
				CLASSPREFIX = TL;
				LastUpgradeCheck = 0510;
				ORGANIZATIONNAME = "Erik Engheim";
				TargetAttributes = {
					D5466E84192159B30031E7D9 = {
						TestTargetID = D5466E63192159B30031E7D9;
					};
				};
			};
			buildConfigurationList = D5466E5F192159B30031E7D9 /* Build configuration list for PBXProject "Secret Formula" */;
			compatibilityVersion = "Xcode 3.2";
			developmentRegion = English;
			hasScannedForEncodings = 0;
			knownRegions = (
				en,
				Base,
			);
			mainGroup = D5466E5B192159B30031E7D9;
			productRefGroup = D5466E65192159B30031E7D9 /* Products */;
			projectDirPath = "";
			projectRoot = "";
			targets = (
				D5466E63192159B30031E7D9 /* Secret Formula */,
				D5466E84192159B30031E7D9 /* Secret FormulaTests */,
			);
		};
/* End PBXProject section */

/* Begin PBXResourcesBuildPhase section */
		D5466E62192159B30031E7D9 /* Resources */ = {
			isa = PBXResourcesBuildPhase;
			buildActionMask = 2147483647;
			files = (
				D57994B21936669900D14AB8 /* ArchivedLogins.png in Resources */,
				D57994B41936677B00D14AB8 /* LockSafe.png in Resources */,
				D5B9A735192D07EF003F73D4 /* Info.plist in Resources */,
				D5B9A733192D06FA003F73D4 /* SecretFormula.help in Resources */,
				D5B9A731192CA442003F73D4 /* poison.icns in Resources */,
				D5466E72192159B30031E7D9 /* InfoPlist.strings in Resources */,
				D5466E80192159B30031E7D9 /* Images.xcassets in Resources */,
				D5C32ED2192E87BB006A38CA /* TLPreferenceController.xib in Resources */,
				D5466E78192159B30031E7D9 /* Credits.rtf in Resources */,
				D50C7251192957D3001D3B15 /* TLPasswordGeneratorWindow.xib in Resources */,
				D5466E7E192159B30031E7D9 /* MainMenu.xib in Resources */,
			);
			runOnlyForDeploymentPostprocessing = 0;
		};
		D5466E83192159B30031E7D9 /* Resources */ = {
			isa = PBXResourcesBuildPhase;
			buildActionMask = 2147483647;
			files = (
				D5466E90192159B30031E7D9 /* InfoPlist.strings in Resources */,
			);
			runOnlyForDeploymentPostprocessing = 0;
		};
/* End PBXResourcesBuildPhase section */

/* Begin PBXSourcesBuildPhase section */
		D5466E60192159B30031E7D9 /* Sources */ = {
			isa = PBXSourcesBuildPhase;
			buildActionMask = 2147483647;
			files = (
				D50C724E192909A0001D3B15 /* TLPasswordGeneratorController.m in Sources */,
				D5466E7B192159B30031E7D9 /* TLAppDelegate.m in Sources */,
				D5B9A72F192BE5BA003F73D4 /* KSPasswordField.m in Sources */,
				D5466E74192159B30031E7D9 /* main.m in Sources */,
				D5C32ED1192E87BB006A38CA /* TLPreferenceController.m in Sources */,
				D5466E9D19215A6C0031E7D9 /* TLPasswordGenerator.m in Sources */,
			);
			runOnlyForDeploymentPostprocessing = 0;
		};
		D5466E81192159B30031E7D9 /* Sources */ = {
			isa = PBXSourcesBuildPhase;
			buildActionMask = 2147483647;
			files = (
				D5466EA71922A9780031E7D9 /* TLPasswordGeneratorTests.m in Sources */,
				D5466E92192159B40031E7D9 /* DulgtTests.m in Sources */,
			);
			runOnlyForDeploymentPostprocessing = 0;
		};
/* End PBXSourcesBuildPhase section */

/* Begin PBXTargetDependency section */
		D5466E8A192159B30031E7D9 /* PBXTargetDependency */ = {
			isa = PBXTargetDependency;
			target = D5466E63192159B30031E7D9 /* Secret Formula */;
			targetProxy = D5466E89192159B30031E7D9 /* PBXContainerItemProxy */;
		};
/* End PBXTargetDependency section */

/* Begin PBXVariantGroup section */
		D5466E70192159B30031E7D9 /* InfoPlist.strings */ = {
			isa = PBXVariantGroup;
			children = (
				D5466E71192159B30031E7D9 /* en */,
			);
			name = InfoPlist.strings;
			sourceTree = "<group>";
		};
		D5466E76192159B30031E7D9 /* Credits.rtf */ = {
			isa = PBXVariantGroup;
			children = (
				D5466E77192159B30031E7D9 /* en */,
			);
			name = Credits.rtf;
			sourceTree = "<group>";
		};
		D5466E7C192159B30031E7D9 /* MainMenu.xib */ = {
			isa = PBXVariantGroup;
			children = (
				D5466E7D192159B30031E7D9 /* Base */,
			);
			name = MainMenu.xib;
			sourceTree = "<group>";
		};
		D5466E8E192159B30031E7D9 /* InfoPlist.strings */ = {
			isa = PBXVariantGroup;
			children = (
				D5466E8F192159B30031E7D9 /* en */,
			);
			name = InfoPlist.strings;
			sourceTree = "<group>";
		};
/* End PBXVariantGroup section */

/* Begin XCBuildConfiguration section */
		D5466E93192159B40031E7D9 /* Debug */ = {
			isa = XCBuildConfiguration;
			buildSettings = {
				ALWAYS_SEARCH_USER_PATHS = NO;
				CLANG_CXX_LANGUAGE_STANDARD = "gnu++0x";
				CLANG_CXX_LIBRARY = "libc++";
				CLANG_ENABLE_MODULES = YES;
				CLANG_ENABLE_OBJC_ARC = YES;
				CLANG_WARN_BOOL_CONVERSION = YES;
				CLANG_WARN_CONSTANT_CONVERSION = YES;
				CLANG_WARN_DIRECT_OBJC_ISA_USAGE = YES_ERROR;
				CLANG_WARN_EMPTY_BODY = YES;
				CLANG_WARN_ENUM_CONVERSION = YES;
				CLANG_WARN_INT_CONVERSION = YES;
				CLANG_WARN_OBJC_ROOT_CLASS = YES_ERROR;
				CLANG_WARN__DUPLICATE_METHOD_MATCH = YES;
				COPY_PHASE_STRIP = NO;
				GCC_C_LANGUAGE_STANDARD = gnu99;
				GCC_DYNAMIC_NO_PIC = NO;
				GCC_ENABLE_OBJC_EXCEPTIONS = YES;
				GCC_OPTIMIZATION_LEVEL = 0;
				GCC_PREPROCESSOR_DEFINITIONS = (
					"DEBUG=1",
					"$(inherited)",
				);
				GCC_SYMBOLS_PRIVATE_EXTERN = NO;
				GCC_WARN_64_TO_32_BIT_CONVERSION = YES;
				GCC_WARN_ABOUT_RETURN_TYPE = YES_ERROR;
				GCC_WARN_UNDECLARED_SELECTOR = YES;
				GCC_WARN_UNINITIALIZED_AUTOS = YES_AGGRESSIVE;
				GCC_WARN_UNUSED_FUNCTION = YES;
				GCC_WARN_UNUSED_VARIABLE = YES;
				MACOSX_DEPLOYMENT_TARGET = 10.9;
				ONLY_ACTIVE_ARCH = YES;
				SDKROOT = macosx;
			};
			name = Debug;
		};
		D5466E94192159B40031E7D9 /* Release */ = {
			isa = XCBuildConfiguration;
			buildSettings = {
				ALWAYS_SEARCH_USER_PATHS = NO;
				CLANG_CXX_LANGUAGE_STANDARD = "gnu++0x";
				CLANG_CXX_LIBRARY = "libc++";
				CLANG_ENABLE_MODULES = YES;
				CLANG_ENABLE_OBJC_ARC = YES;
				CLANG_WARN_BOOL_CONVERSION = YES;
				CLANG_WARN_CONSTANT_CONVERSION = YES;
				CLANG_WARN_DIRECT_OBJC_ISA_USAGE = YES_ERROR;
				CLANG_WARN_EMPTY_BODY = YES;
				CLANG_WARN_ENUM_CONVERSION = YES;
				CLANG_WARN_INT_CONVERSION = YES;
				CLANG_WARN_OBJC_ROOT_CLASS = YES_ERROR;
				CLANG_WARN__DUPLICATE_METHOD_MATCH = YES;
				COPY_PHASE_STRIP = YES;
				DEBUG_INFORMATION_FORMAT = "dwarf-with-dsym";
				ENABLE_NS_ASSERTIONS = NO;
				GCC_C_LANGUAGE_STANDARD = gnu99;
				GCC_ENABLE_OBJC_EXCEPTIONS = YES;
				GCC_WARN_64_TO_32_BIT_CONVERSION = YES;
				GCC_WARN_ABOUT_RETURN_TYPE = YES_ERROR;
				GCC_WARN_UNDECLARED_SELECTOR = YES;
				GCC_WARN_UNINITIALIZED_AUTOS = YES_AGGRESSIVE;
				GCC_WARN_UNUSED_FUNCTION = YES;
				GCC_WARN_UNUSED_VARIABLE = YES;
				MACOSX_DEPLOYMENT_TARGET = 10.9;
				SDKROOT = macosx;
			};
			name = Release;
		};
		D5466E96192159B40031E7D9 /* Debug */ = {
			isa = XCBuildConfiguration;
			buildSettings = {
				COMBINE_HIDPI_IMAGES = YES;
				GCC_PRECOMPILE_PREFIX_HEADER = YES;
				GCC_PREFIX_HEADER = "Dulgt/Secret Formula-Prefix.pch";
				INFOPLIST_FILE = "Dulgt/Secret Formula-Info.plist";
				LIBRARY_SEARCH_PATHS = (
					"$(inherited)",
					"$(PROJECT_DIR)/Dulgt/Libs",
				);
				PRODUCT_NAME = "Secret Formula";
				WRAPPER_EXTENSION = app;
			};
			name = Debug;
		};
		D5466E97192159B40031E7D9 /* Release */ = {
			isa = XCBuildConfiguration;
			buildSettings = {
				COMBINE_HIDPI_IMAGES = YES;
				GCC_PRECOMPILE_PREFIX_HEADER = YES;
				GCC_PREFIX_HEADER = "Dulgt/Secret Formula-Prefix.pch";
				INFOPLIST_FILE = "Dulgt/Secret Formula-Info.plist";
				LIBRARY_SEARCH_PATHS = (
					"$(inherited)",
					"$(PROJECT_DIR)/Dulgt/Libs",
				);
				PRODUCT_NAME = "Secret Formula";
				WRAPPER_EXTENSION = app;
			};
			name = Release;
		};
		D5466E99192159B40031E7D9 /* Debug */ = {
			isa = XCBuildConfiguration;
			buildSettings = {
				BUNDLE_LOADER = "$(BUILT_PRODUCTS_DIR)/Secret Formula.app/Contents/MacOS/Secret Formula";
				COMBINE_HIDPI_IMAGES = YES;
				FRAMEWORK_SEARCH_PATHS = (
					"$(DEVELOPER_FRAMEWORKS_DIR)",
					"$(inherited)",
				);
				GCC_PRECOMPILE_PREFIX_HEADER = YES;
				GCC_PREFIX_HEADER = "Dulgt/Secret Formula-Prefix.pch";
				GCC_PREPROCESSOR_DEFINITIONS = (
					"DEBUG=1",
					"$(inherited)",
				);
				INFOPLIST_FILE = "DulgtTests/Secret FormulaTests-Info.plist";
				PRODUCT_NAME = "Secret FormulaTests";
				TEST_HOST = "$(BUNDLE_LOADER)";
				WRAPPER_EXTENSION = xctest;
			};
			name = Debug;
		};
		D5466E9A192159B40031E7D9 /* Release */ = {
			isa = XCBuildConfiguration;
			buildSettings = {
				BUNDLE_LOADER = "$(BUILT_PRODUCTS_DIR)/Secret Formula.app/Contents/MacOS/Secret Formula";
				COMBINE_HIDPI_IMAGES = YES;
				FRAMEWORK_SEARCH_PATHS = (
					"$(DEVELOPER_FRAMEWORKS_DIR)",
					"$(inherited)",
				);
				GCC_PRECOMPILE_PREFIX_HEADER = YES;
				GCC_PREFIX_HEADER = "Dulgt/Secret Formula-Prefix.pch";
				INFOPLIST_FILE = "DulgtTests/Secret FormulaTests-Info.plist";
				PRODUCT_NAME = "Secret FormulaTests";
				TEST_HOST = "$(BUNDLE_LOADER)";
				WRAPPER_EXTENSION = xctest;
			};
			name = Release;
		};
/* End XCBuildConfiguration section */

/* Begin XCConfigurationList section */
		D5466E5F192159B30031E7D9 /* Build configuration list for PBXProject "Secret Formula" */ = {
			isa = XCConfigurationList;
			buildConfigurations = (
				D5466E93192159B40031E7D9 /* Debug */,
				D5466E94192159B40031E7D9 /* Release */,
			);
			defaultConfigurationIsVisible = 0;
			defaultConfigurationName = Release;
		};
		D5466E95192159B40031E7D9 /* Build configuration list for PBXNativeTarget "Secret Formula" */ = {
			isa = XCConfigurationList;
			buildConfigurations = (
				D5466E96192159B40031E7D9 /* Debug */,
				D5466E97192159B40031E7D9 /* Release */,
			);
			defaultConfigurationIsVisible = 0;
			defaultConfigurationName = Release;
		};
		D5466E98192159B40031E7D9 /* Build configuration list for PBXNativeTarget "Secret FormulaTests" */ = {
			isa = XCConfigurationList;
			buildConfigurations = (
				D5466E99192159B40031E7D9 /* Debug */,
				D5466E9A192159B40031E7D9 /* Release */,
			);
			defaultConfigurationIsVisible = 0;
			defaultConfigurationName = Release;
		};
/* End XCConfigurationList section */
	};
	rootObject = D5466E5C192159B30031E7D9 /* Project object */;
}
